
Microsoft Visual Studio Solution File, Format Version 12.00
# Visual Studio Version 17
VisualStudioVersion = 17.7.34202.233
MinimumVisualStudioVersion = 10.0.40219.1
Project("{FAE04EC0-301F-11D3-BF4B-00C04F79EFBC}") = "code-contest", "code-contest.csproj", "{F964ADE9-3181-4A0D-8383-32C3A2803622}"
EndProject
Global
	GlobalSection(SolutionConfigurationPlatforms) = preSolution
		Debug|Any CPU = Debug|Any CPU
		Release|Any CPU = Release|Any CPU
	EndGlobalSection
	GlobalSection(ProjectConfigurationPlatforms) = postSolution
		{F964ADE9-3181-4A0D-8383-32C3A2803622}.Debug|Any CPU.ActiveCfg = Debug|Any CPU
		{F964ADE9-3181-4A0D-8383-32C3A2803622}.Debug|Any CPU.Build.0 = Debug|Any CPU
		{F964ADE9-3181-4A0D-8383-32C3A2803622}.Release|Any CPU.ActiveCfg = Release|Any CPU
		{F964ADE9-3181-4A0D-8383-32C3A2803622}.Release|Any CPU.Build.0 = Release|Any CPU
	EndGlobalSection
	GlobalSection(SolutionProperties) = preSolution
		HideSolutionNode = FALSE
	EndGlobalSection
	GlobalSection(ExtensibilityGlobals) = postSolution
		SolutionGuid = {96DAC8E2-D3EA-4EA5-82AE-21957DCC70D3}
	EndGlobalSection
EndGlobal
